
Microsoft Visual Studio Solution File, Format Version 12.00
# Visual Studio Version 16
VisualStudioVersion = 16.0.31515.178
MinimumVisualStudioVersion = 10.0.40219.1
Project("{FAE04EC0-301F-11D3-BF4B-00C04F79EFBC}") = "HLV keygen", "HLV keygen.csproj", "{B4256311-8811-416E-8BAB-2726FC287B0B}"
EndProject
Global
	GlobalSection(SolutionConfigurationPlatforms) = preSolution
		Debug|Any CPU = Debug|Any CPU
		Release|Any CPU = Release|Any CPU
	EndGlobalSection
	GlobalSection(ProjectConfigurationPlatforms) = postSolution
		{B4256311-8811-416E-8BAB-2726FC287B0B}.Debug|Any CPU.ActiveCfg = Debug|Any CPU
		{B4256311-8811-416E-8BAB-2726FC287B0B}.Debug|Any CPU.Build.0 = Debug|Any CPU
		{B4256311-8811-416E-8BAB-2726FC287B0B}.Release|Any CPU.ActiveCfg = Release|Any CPU
		{B4256311-8811-416E-8BAB-2726FC287B0B}.Release|Any CPU.Build.0 = Release|Any CPU
	EndGlobalSection
	GlobalSection(SolutionProperties) = preSolution
		HideSolutionNode = FALSE
	EndGlobalSection
	GlobalSection(ExtensibilityGlobals) = postSolution
		SolutionGuid = {0554422B-BE14-46CC-98E1-76E80F00B681}
	EndGlobalSection
EndGlobal
